
Microsoft Visual Studio Solution File, Format Version 12.00
# Visual Studio Version 17
VisualStudioVersion = 17.8.34316.72
MinimumVisualStudioVersion = 10.0.40219.1
Project("{9A19103F-16F7-4668-BE54-9A1E7A4F7556}") = "UploadFiles", "AOT\UploadFiles\UploadFiles.csproj", "{395C5C87-40D9-43C7-83E8-3A72E5A5BB8D}"
EndProject
Project("{2150E333-8FDC-42A3-9474-1A3956D46DE8}") = "AOT", "AOT", "{F6A2B796-14AC-499C-8561-66060F2FC7EC}"
EndProject
Project("{2150E333-8FDC-42A3-9474-1A3956D46DE8}") = "JIT", "JIT", "{9550762E-C0AA-4D57-A5A7-FBB108C61FB1}"
EndProject
Project("{9A19103F-16F7-4668-BE54-9A1E7A4F7556}") = "UploadFiles", "JIT\UploadFiles\UploadFiles.csproj", "{EF2E8622-91FB-4D10-B523-AB9656628BCE}"
EndProject
Project("{2150E333-8FDC-42A3-9474-1A3956D46DE8}") = "Services", "Services", "{7D5217E8-030E-4EAF-8033-7FB070D8E22D}"
EndProject
Project("{9A19103F-16F7-4668-BE54-9A1E7A4F7556}") = "UploadFiles.Services", "Services\UploadFiles.Services\UploadFiles.Services.csproj", "{9FD98877-169F-4521-A29F-6D9FC6E5F770}"
EndProject
Project("{2150E333-8FDC-42A3-9474-1A3956D46DE8}") = "ML", "ML", "{1235BA3A-ECF1-47F2-9772-45521C6CF902}"
EndProject
Project("{2150E333-8FDC-42A3-9474-1A3956D46DE8}") = "TextProcessing", "TextProcessing", "{4839DE64-4C15-46A2-8307-BC1C563473C0}"
EndProject
Project("{9A19103F-16F7-4668-BE54-9A1E7A4F7556}") = "TextConsumer", "TextConsumer\TextConsumer.csproj", "{99AAA3AD-8CFC-4E3E-A142-A235875FAA29}"
EndProject
Project("{2150E333-8FDC-42A3-9474-1A3956D46DE8}") = "Shared", "Shared", "{1CC61135-5DD0-44E1-84B5-033C351B5513}"
EndProject
Project("{9A19103F-16F7-4668-BE54-9A1E7A4F7556}") = "UploadFiles.Shared", "UploadFiles.Shared\UploadFiles.Shared.csproj", "{A17EC557-B96C-422F-A7CA-AA9DEAE4BE28}"
EndProject
Project("{9A19103F-16F7-4668-BE54-9A1E7A4F7556}") = "RankText", "RankText\RankText.csproj", "{38A15797-10ED-4761-8159-2FA99FD5B3A7}"
EndProject
Project("{2150E333-8FDC-42A3-9474-1A3956D46DE8}") = "Lib", "Lib", "{94516C70-C3AD-40EA-8F63-623124521B81}"
EndProject
Project("{2150E333-8FDC-42A3-9474-1A3956D46DE8}") = "Lib", "Lib", "{3C0897AA-31CB-404C-8E7C-AD4C6D17691C}"
EndProject
Project("{9A19103F-16F7-4668-BE54-9A1E7A4F7556}") = "TextProcessing", "ExternalLib\ProcessingText\src\TextProcessing.csproj", "{9CF3203F-3D86-4ADE-A842-C39619165586}"
EndProject
Project("{9A19103F-16F7-4668-BE54-9A1E7A4F7556}") = "TextProcessing.Tests", "ExternalLib\ProcessingText\Tests\TextProcessing.Tests.csproj", "{CF458F70-4D1E-4431-A921-A25B68F67A58}"
EndProject
Project("{9A19103F-16F7-4668-BE54-9A1E7A4F7556}") = "MyML", "ExternalLib\MyML\src\MyML.csproj", "{78B6C02F-DC36-496B-8F18-863F57F75996}"
EndProject
Project("{9A19103F-16F7-4668-BE54-9A1E7A4F7556}") = "MyML.Tests", "ExternalLib\MyML\Tests\MyML.Tests.csproj", "{D103CBA3-6D9B-4672-BC6E-243867A98EF8}"
EndProject
Project("{E53339B2-1760-4266-BCC7-CA923CBCF16C}") = "docker-compose", "docker-compose.dcproj", "{A78371E8-3CB7-4A46-AAB6-45B3171D823D}"
EndProject
Project("{2150E333-8FDC-42A3-9474-1A3956D46DE8}") = "Itens de Solução", "Itens de Solução", "{32A7753D-1FEA-4117-A4CB-C1DF13133BF5}"
	ProjectSection(SolutionItems) = preProject
		telegraf.conf = telegraf.conf
	EndProjectSection
EndProject
Global
	GlobalSection(SolutionConfigurationPlatforms) = preSolution
		Debug|Any CPU = Debug|Any CPU
		Release|Any CPU = Release|Any CPU
	EndGlobalSection
	GlobalSection(ProjectConfigurationPlatforms) = postSolution
		{395C5C87-40D9-43C7-83E8-3A72E5A5BB8D}.Debug|Any CPU.ActiveCfg = Debug|Any CPU
		{395C5C87-40D9-43C7-83E8-3A72E5A5BB8D}.Debug|Any CPU.Build.0 = Debug|Any CPU
		{395C5C87-40D9-43C7-83E8-3A72E5A5BB8D}.Release|Any CPU.ActiveCfg = Release|Any CPU
		{395C5C87-40D9-43C7-83E8-3A72E5A5BB8D}.Release|Any CPU.Build.0 = Release|Any CPU
		{EF2E8622-91FB-4D10-B523-AB9656628BCE}.Debug|Any CPU.ActiveCfg = Debug|Any CPU
		{EF2E8622-91FB-4D10-B523-AB9656628BCE}.Debug|Any CPU.Build.0 = Debug|Any CPU
		{EF2E8622-91FB-4D10-B523-AB9656628BCE}.Release|Any CPU.ActiveCfg = Release|Any CPU
		{EF2E8622-91FB-4D10-B523-AB9656628BCE}.Release|Any CPU.Build.0 = Release|Any CPU
		{9FD98877-169F-4521-A29F-6D9FC6E5F770}.Debug|Any CPU.ActiveCfg = Debug|Any CPU
		{9FD98877-169F-4521-A29F-6D9FC6E5F770}.Debug|Any CPU.Build.0 = Debug|Any CPU
		{9FD98877-169F-4521-A29F-6D9FC6E5F770}.Release|Any CPU.ActiveCfg = Release|Any CPU
		{9FD98877-169F-4521-A29F-6D9FC6E5F770}.Release|Any CPU.Build.0 = Release|Any CPU
		{99AAA3AD-8CFC-4E3E-A142-A235875FAA29}.Debug|Any CPU.ActiveCfg = Debug|Any CPU
		{99AAA3AD-8CFC-4E3E-A142-A235875FAA29}.Debug|Any CPU.Build.0 = Debug|Any CPU
		{99AAA3AD-8CFC-4E3E-A142-A235875FAA29}.Release|Any CPU.ActiveCfg = Release|Any CPU
		{99AAA3AD-8CFC-4E3E-A142-A235875FAA29}.Release|Any CPU.Build.0 = Release|Any CPU
		{A17EC557-B96C-422F-A7CA-AA9DEAE4BE28}.Debug|Any CPU.ActiveCfg = Debug|Any CPU
		{A17EC557-B96C-422F-A7CA-AA9DEAE4BE28}.Debug|Any CPU.Build.0 = Debug|Any CPU
		{A17EC557-B96C-422F-A7CA-AA9DEAE4BE28}.Release|Any CPU.ActiveCfg = Release|Any CPU
		{A17EC557-B96C-422F-A7CA-AA9DEAE4BE28}.Release|Any CPU.Build.0 = Release|Any CPU
		{38A15797-10ED-4761-8159-2FA99FD5B3A7}.Debug|Any CPU.ActiveCfg = Debug|Any CPU
		{38A15797-10ED-4761-8159-2FA99FD5B3A7}.Debug|Any CPU.Build.0 = Debug|Any CPU
		{38A15797-10ED-4761-8159-2FA99FD5B3A7}.Release|Any CPU.ActiveCfg = Release|Any CPU
		{38A15797-10ED-4761-8159-2FA99FD5B3A7}.Release|Any CPU.Build.0 = Release|Any CPU
		{9CF3203F-3D86-4ADE-A842-C39619165586}.Debug|Any CPU.ActiveCfg = Debug|Any CPU
		{9CF3203F-3D86-4ADE-A842-C39619165586}.Debug|Any CPU.Build.0 = Debug|Any CPU
		{9CF3203F-3D86-4ADE-A842-C39619165586}.Release|Any CPU.ActiveCfg = Release|Any CPU
		{9CF3203F-3D86-4ADE-A842-C39619165586}.Release|Any CPU.Build.0 = Release|Any CPU
		{CF458F70-4D1E-4431-A921-A25B68F67A58}.Debug|Any CPU.ActiveCfg = Debug|Any CPU
		{CF458F70-4D1E-4431-A921-A25B68F67A58}.Debug|Any CPU.Build.0 = Debug|Any CPU
		{CF458F70-4D1E-4431-A921-A25B68F67A58}.Release|Any CPU.ActiveCfg = Release|Any CPU
		{CF458F70-4D1E-4431-A921-A25B68F67A58}.Release|Any CPU.Build.0 = Release|Any CPU
		{78B6C02F-DC36-496B-8F18-863F57F75996}.Debug|Any CPU.ActiveCfg = Debug|Any CPU
		{78B6C02F-DC36-496B-8F18-863F57F75996}.Debug|Any CPU.Build.0 = Debug|Any CPU
		{78B6C02F-DC36-496B-8F18-863F57F75996}.Release|Any CPU.ActiveCfg = Release|Any CPU
		{78B6C02F-DC36-496B-8F18-863F57F75996}.Release|Any CPU.Build.0 = Release|Any CPU
		{D103CBA3-6D9B-4672-BC6E-243867A98EF8}.Debug|Any CPU.ActiveCfg = Debug|Any CPU
		{D103CBA3-6D9B-4672-BC6E-243867A98EF8}.Debug|Any CPU.Build.0 = Debug|Any CPU
		{D103CBA3-6D9B-4672-BC6E-243867A98EF8}.Release|Any CPU.ActiveCfg = Release|Any CPU
		{D103CBA3-6D9B-4672-BC6E-243867A98EF8}.Release|Any CPU.Build.0 = Release|Any CPU
		{A78371E8-3CB7-4A46-AAB6-45B3171D823D}.Debug|Any CPU.ActiveCfg = Debug|Any CPU
		{A78371E8-3CB7-4A46-AAB6-45B3171D823D}.Debug|Any CPU.Build.0 = Debug|Any CPU
		{A78371E8-3CB7-4A46-AAB6-45B3171D823D}.Release|Any CPU.ActiveCfg = Release|Any CPU
		{A78371E8-3CB7-4A46-AAB6-45B3171D823D}.Release|Any CPU.Build.0 = Release|Any CPU
	EndGlobalSection
	GlobalSection(SolutionProperties) = preSolution
		HideSolutionNode = FALSE
	EndGlobalSection
	GlobalSection(NestedProjects) = preSolution
		{395C5C87-40D9-43C7-83E8-3A72E5A5BB8D} = {F6A2B796-14AC-499C-8561-66060F2FC7EC}
		{EF2E8622-91FB-4D10-B523-AB9656628BCE} = {9550762E-C0AA-4D57-A5A7-FBB108C61FB1}
		{9FD98877-169F-4521-A29F-6D9FC6E5F770} = {7D5217E8-030E-4EAF-8033-7FB070D8E22D}
		{99AAA3AD-8CFC-4E3E-A142-A235875FAA29} = {4839DE64-4C15-46A2-8307-BC1C563473C0}
		{A17EC557-B96C-422F-A7CA-AA9DEAE4BE28} = {1CC61135-5DD0-44E1-84B5-033C351B5513}
		{38A15797-10ED-4761-8159-2FA99FD5B3A7} = {1235BA3A-ECF1-47F2-9772-45521C6CF902}
		{94516C70-C3AD-40EA-8F63-623124521B81} = {1235BA3A-ECF1-47F2-9772-45521C6CF902}
		{3C0897AA-31CB-404C-8E7C-AD4C6D17691C} = {4839DE64-4C15-46A2-8307-BC1C563473C0}
		{9CF3203F-3D86-4ADE-A842-C39619165586} = {3C0897AA-31CB-404C-8E7C-AD4C6D17691C}
		{CF458F70-4D1E-4431-A921-A25B68F67A58} = {3C0897AA-31CB-404C-8E7C-AD4C6D17691C}
		{78B6C02F-DC36-496B-8F18-863F57F75996} = {94516C70-C3AD-40EA-8F63-623124521B81}
		{D103CBA3-6D9B-4672-BC6E-243867A98EF8} = {94516C70-C3AD-40EA-8F63-623124521B81}
	EndGlobalSection
	GlobalSection(ExtensibilityGlobals) = postSolution
		SolutionGuid = {B6ED901B-5F59-45C8-B20C-FFB12D08672D}
	EndGlobalSection
EndGlobal
